// !$*UTF8*$!
{
	archiveVersion = 1;
	classes = {
	};
	objectVersion = 50;
	objects = {

/* Begin PBXBuildFile section */
		2C4D6DEE26DD2FCF00E02486 /* UIButtonExtension.swift in Sources */ = {isa = PBXBuildFile; fileRef = 2C4D6DED26DD2FCF00E02486 /* UIButtonExtension.swift */; };
		2C7542D326D9DE74000D01F6 /* HomeViewController.swift in Sources */ = {isa = PBXBuildFile; fileRef = 2C7542D126D9DE74000D01F6 /* HomeViewController.swift */; };
		2C7542D426D9DE74000D01F6 /* HomeViewController.xib in Resources */ = {isa = PBXBuildFile; fileRef = 2C7542D226D9DE74000D01F6 /* HomeViewController.xib */; };
		2CE4FF1626D9CE15007D0BBF /* AppDelegate.swift in Sources */ = {isa = PBXBuildFile; fileRef = 2CE4FF1526D9CE15007D0BBF /* AppDelegate.swift */; };
		2CE4FF1F26D9CE16007D0BBF /* Assets.xcassets in Resources */ = {isa = PBXBuildFile; fileRef = 2CE4FF1E26D9CE16007D0BBF /* Assets.xcassets */; };
		2CE4FF2226D9CE16007D0BBF /* LaunchScreen.storyboard in Resources */ = {isa = PBXBuildFile; fileRef = 2CE4FF2026D9CE16007D0BBF /* LaunchScreen.storyboard */; };
		2CE4FF2D26D9CE16007D0BBF /* iOs_Calculadora_2Tests.swift in Sources */ = {isa = PBXBuildFile; fileRef = 2CE4FF2C26D9CE16007D0BBF /* iOs_Calculadora_2Tests.swift */; };
		2CE4FF3826D9CE16007D0BBF /* iOs_Calculadora_2UITests.swift in Sources */ = {isa = PBXBuildFile; fileRef = 2CE4FF3726D9CE16007D0BBF /* iOs_Calculadora_2UITests.swift */; };
/* End PBXBuildFile section */

/* Begin PBXContainerItemProxy section */
		2CE4FF2926D9CE16007D0BBF /* PBXContainerItemProxy */ = {
			isa = PBXContainerItemProxy;
			containerPortal = 2CE4FF0A26D9CE15007D0BBF /* Project object */;
			proxyType = 1;
			remoteGlobalIDString = 2CE4FF1126D9CE15007D0BBF;
			remoteInfo = "iOs Calculadora 2";
		};
		2CE4FF3426D9CE16007D0BBF /* PBXContainerItemProxy */ = {
			isa = PBXContainerItemProxy;
			containerPortal = 2CE4FF0A26D9CE15007D0BBF /* Project object */;
			proxyType = 1;
			remoteGlobalIDString = 2CE4FF1126D9CE15007D0BBF;
			remoteInfo = "iOs Calculadora 2";
		};
/* End PBXContainerItemProxy section */

/* Begin PBXFileReference section */
		2C4D6DED26DD2FCF00E02486 /* UIButtonExtension.swift */ = {isa = PBXFileReference; lastKnownFileType = sourcecode.swift; path = UIButtonExtension.swift; sourceTree = "<group>"; };
		2C7542D126D9DE74000D01F6 /* HomeViewController.swift */ = {isa = PBXFileReference; lastKnownFileType = sourcecode.swift; path = HomeViewController.swift; sourceTree = "<group>"; };
		2C7542D226D9DE74000D01F6 /* HomeViewController.xib */ = {isa = PBXFileReference; lastKnownFileType = file.xib; path = HomeViewController.xib; sourceTree = "<group>"; };
		2CE4FF1226D9CE15007D0BBF /* iOs Calculadora 2.app */ = {isa = PBXFileReference; explicitFileType = wrapper.application; includeInIndex = 0; path = "iOs Calculadora 2.app"; sourceTree = BUILT_PRODUCTS_DIR; };
		2CE4FF1526D9CE15007D0BBF /* AppDelegate.swift */ = {isa = PBXFileReference; lastKnownFileType = sourcecode.swift; path = AppDelegate.swift; sourceTree = "<group>"; };
		2CE4FF1E26D9CE16007D0BBF /* Assets.xcassets */ = {isa = PBXFileReference; lastKnownFileType = folder.assetcatalog; path = Assets.xcassets; sourceTree = "<group>"; };
		2CE4FF2126D9CE16007D0BBF /* Base */ = {isa = PBXFileReference; lastKnownFileType = file.storyboard; name = Base; path = Base.lproj/LaunchScreen.storyboard; sourceTree = "<group>"; };
		2CE4FF2326D9CE16007D0BBF /* Info.plist */ = {isa = PBXFileReference; lastKnownFileType = text.plist.xml; path = Info.plist; sourceTree = "<group>"; };
		2CE4FF2826D9CE16007D0BBF /* iOs Calculadora 2Tests.xctest */ = {isa = PBXFileReference; explicitFileType = wrapper.cfbundle; includeInIndex = 0; path = "iOs Calculadora 2Tests.xctest"; sourceTree = BUILT_PRODUCTS_DIR; };
		2CE4FF2C26D9CE16007D0BBF /* iOs_Calculadora_2Tests.swift */ = {isa = PBXFileReference; lastKnownFileType = sourcecode.swift; path = iOs_Calculadora_2Tests.swift; sourceTree = "<group>"; };
		2CE4FF2E26D9CE16007D0BBF /* Info.plist */ = {isa = PBXFileReference; lastKnownFileType = text.plist.xml; path = Info.plist; sourceTree = "<group>"; };
		2CE4FF3326D9CE16007D0BBF /* iOs Calculadora 2UITests.xctest */ = {isa = PBXFileReference; explicitFileType = wrapper.cfbundle; includeInIndex = 0; path = "iOs Calculadora 2UITests.xctest"; sourceTree = BUILT_PRODUCTS_DIR; };
		2CE4FF3726D9CE16007D0BBF /* iOs_Calculadora_2UITests.swift */ = {isa = PBXFileReference; lastKnownFileType = sourcecode.swift; path = iOs_Calculadora_2UITests.swift; sourceTree = "<group>"; };
		2CE4FF3926D9CE16007D0BBF /* Info.plist */ = {isa = PBXFileReference; lastKnownFileType = text.plist.xml; path = Info.plist; sourceTree = "<group>"; };
/* End PBXFileReference section */

/* Begin PBXFrameworksBuildPhase section */
		2CE4FF0F26D9CE15007D0BBF /* Frameworks */ = {
			isa = PBXFrameworksBuildPhase;
			buildActionMask = 2147483647;
			files = (
			);
			runOnlyForDeploymentPostprocessing = 0;
		};
		2CE4FF2526D9CE16007D0BBF /* Frameworks */ = {
			isa = PBXFrameworksBuildPhase;
			buildActionMask = 2147483647;
			files = (
			);
			runOnlyForDeploymentPostprocessing = 0;
		};
		2CE4FF3026D9CE16007D0BBF /* Frameworks */ = {
			isa = PBXFrameworksBuildPhase;
			buildActionMask = 2147483647;
			files = (
			);
			runOnlyForDeploymentPostprocessing = 0;
		};
/* End PBXFrameworksBuildPhase section */

/* Begin PBXGroup section */
		2C7542D026D9DDD9000D01F6 /* Home */ = {
			isa = PBXGroup;
			children = (
				2C7542D126D9DE74000D01F6 /* HomeViewController.swift */,
			);
			path = Home;
			sourceTree = "<group>";
		};
		2CE4FF0926D9CE15007D0BBF = {
			isa = PBXGroup;
			children = (
				2CE4FF1426D9CE15007D0BBF /* iOs Calculadora 2 */,
				2CE4FF2B26D9CE16007D0BBF /* iOs Calculadora 2Tests */,
				2CE4FF3626D9CE16007D0BBF /* iOs Calculadora 2UITests */,
				2CE4FF1326D9CE15007D0BBF /* Products */,
			);
			sourceTree = "<group>";
		};
		2CE4FF1326D9CE15007D0BBF /* Products */ = {
			isa = PBXGroup;
			children = (
				2CE4FF1226D9CE15007D0BBF /* iOs Calculadora 2.app */,
				2CE4FF2826D9CE16007D0BBF /* iOs Calculadora 2Tests.xctest */,
				2CE4FF3326D9CE16007D0BBF /* iOs Calculadora 2UITests.xctest */,
			);
			name = Products;
			sourceTree = "<group>";
		};
		2CE4FF1426D9CE15007D0BBF /* iOs Calculadora 2 */ = {
			isa = PBXGroup;
			children = (
				2CE4FF1526D9CE15007D0BBF /* AppDelegate.swift */,
				2CE4FF4826D9D628007D0BBF /* View */,
				2CE4FF4726D9D619007D0BBF /* Controller */,
				2CE4FF4626D9D60F007D0BBF /* Model */,
				2CE4FF4926D9D64E007D0BBF /* util */,
				2CE4FF4A26D9D6A3007D0BBF /* Suporting Files */,
				2CE4FF1E26D9CE16007D0BBF /* Assets.xcassets */,
				2CE4FF4526D9D00F007D0BBF /* Supporting Files */,
			);
			path = "iOs Calculadora 2";
			sourceTree = "<group>";
		};
		2CE4FF2B26D9CE16007D0BBF /* iOs Calculadora 2Tests */ = {
			isa = PBXGroup;
			children = (
				2CE4FF2C26D9CE16007D0BBF /* iOs_Calculadora_2Tests.swift */,
				2CE4FF2E26D9CE16007D0BBF /* Info.plist */,
			);
			path = "iOs Calculadora 2Tests";
			sourceTree = "<group>";
		};
		2CE4FF3626D9CE16007D0BBF /* iOs Calculadora 2UITests */ = {
			isa = PBXGroup;
			children = (
				2CE4FF3726D9CE16007D0BBF /* iOs_Calculadora_2UITests.swift */,
				2CE4FF3926D9CE16007D0BBF /* Info.plist */,
			);
			path = "iOs Calculadora 2UITests";
			sourceTree = "<group>";
		};
		2CE4FF4526D9D00F007D0BBF /* Supporting Files */ = {
			isa = PBXGroup;
			children = (
			);
			path = "Supporting Files";
			sourceTree = "<group>";
		};
		2CE4FF4626D9D60F007D0BBF /* Model */ = {
			isa = PBXGroup;
			children = (
			);
			path = Model;
			sourceTree = "<group>";
		};
		2CE4FF4726D9D619007D0BBF /* Controller */ = {
			isa = PBXGroup;
			children = (
				2C7542D026D9DDD9000D01F6 /* Home */,
			);
			path = Controller;
			sourceTree = "<group>";
		};
		2CE4FF4826D9D628007D0BBF /* View */ = {
			isa = PBXGroup;
			children = (
				2CE4FF4B26D9D731007D0BBF /* Launch */,
				2CE4FF4D26D9DAF4007D0BBF /* Home */,
			);
			path = View;
			sourceTree = "<group>";
		};
		2CE4FF4926D9D64E007D0BBF /* util */ = {
			isa = PBXGroup;
			children = (
				2C4D6DED26DD2FCF00E02486 /* UIButtonExtension.swift */,
			);
			path = util;
			sourceTree = "<group>";
		};
		2CE4FF4A26D9D6A3007D0BBF /* Suporting Files */ = {
			isa = PBXGroup;
			children = (
				2CE4FF2326D9CE16007D0BBF /* Info.plist */,
			);
			path = "Suporting Files";
			sourceTree = "<group>";
		};
		2CE4FF4B26D9D731007D0BBF /* Launch */ = {
			isa = PBXGroup;
			children = (
				2CE4FF2026D9CE16007D0BBF /* LaunchScreen.storyboard */,
			);
			path = Launch;
			sourceTree = "<group>";
		};
		2CE4FF4D26D9DAF4007D0BBF /* Home */ = {
			isa = PBXGroup;
			children = (
				2C7542D226D9DE74000D01F6 /* HomeViewController.xib */,
			);
			path = Home;
			sourceTree = "<group>";
		};
/* End PBXGroup section */

/* Begin PBXNativeTarget section */
		2CE4FF1126D9CE15007D0BBF /* iOs Calculadora 2 */ = {
			isa = PBXNativeTarget;
			buildConfigurationList = 2CE4FF3C26D9CE16007D0BBF /* Build configuration list for PBXNativeTarget "iOs Calculadora 2" */;
			buildPhases = (
				2CE4FF0E26D9CE15007D0BBF /* Sources */,
				2CE4FF0F26D9CE15007D0BBF /* Frameworks */,
				2CE4FF1026D9CE15007D0BBF /* Resources */,
			);
			buildRules = (
			);
			dependencies = (
			);
			name = "iOs Calculadora 2";
			productName = "iOs Calculadora 2";
			productReference = 2CE4FF1226D9CE15007D0BBF /* iOs Calculadora 2.app */;
			productType = "com.apple.product-type.application";
		};
		2CE4FF2726D9CE16007D0BBF /* iOs Calculadora 2Tests */ = {
			isa = PBXNativeTarget;
			buildConfigurationList = 2CE4FF3F26D9CE16007D0BBF /* Build configuration list for PBXNativeTarget "iOs Calculadora 2Tests" */;
			buildPhases = (
				2CE4FF2426D9CE16007D0BBF /* Sources */,
				2CE4FF2526D9CE16007D0BBF /* Frameworks */,
				2CE4FF2626D9CE16007D0BBF /* Resources */,
			);
			buildRules = (
			);
			dependencies = (
				2CE4FF2A26D9CE16007D0BBF /* PBXTargetDependency */,
			);
			name = "iOs Calculadora 2Tests";
			productName = "iOs Calculadora 2Tests";
			productReference = 2CE4FF2826D9CE16007D0BBF /* iOs Calculadora 2Tests.xctest */;
			productType = "com.apple.product-type.bundle.unit-test";
		};
		2CE4FF3226D9CE16007D0BBF /* iOs Calculadora 2UITests */ = {
			isa = PBXNativeTarget;
			buildConfigurationList = 2CE4FF4226D9CE16007D0BBF /* Build configuration list for PBXNativeTarget "iOs Calculadora 2UITests" */;
			buildPhases = (
				2CE4FF2F26D9CE16007D0BBF /* Sources */,
				2CE4FF3026D9CE16007D0BBF /* Frameworks */,
				2CE4FF3126D9CE16007D0BBF /* Resources */,
			);
			buildRules = (
			);
			dependencies = (
				2CE4FF3526D9CE16007D0BBF /* PBXTargetDependency */,
			);
			name = "iOs Calculadora 2UITests";
			productName = "iOs Calculadora 2UITests";
			productReference = 2CE4FF3326D9CE16007D0BBF /* iOs Calculadora 2UITests.xctest */;
			productType = "com.apple.product-type.bundle.ui-testing";
		};
/* End PBXNativeTarget section */

/* Begin PBXProject section */
		2CE4FF0A26D9CE15007D0BBF /* Project object */ = {
			isa = PBXProject;
			attributes = {
				LastSwiftUpdateCheck = 1250;
				LastUpgradeCheck = 1250;
				TargetAttributes = {
					2CE4FF1126D9CE15007D0BBF = {
						CreatedOnToolsVersion = 12.5.1;
					};
					2CE4FF2726D9CE16007D0BBF = {
						CreatedOnToolsVersion = 12.5.1;
						TestTargetID = 2CE4FF1126D9CE15007D0BBF;
					};
					2CE4FF3226D9CE16007D0BBF = {
						CreatedOnToolsVersion = 12.5.1;
						TestTargetID = 2CE4FF1126D9CE15007D0BBF;
					};
				};
			};
			buildConfigurationList = 2CE4FF0D26D9CE15007D0BBF /* Build configuration list for PBXProject "iOS Calculadora" */;
			compatibilityVersion = "Xcode 9.3";
			developmentRegion = en;
			hasScannedForEncodings = 0;
			knownRegions = (
				en,
				Base,
			);
			mainGroup = 2CE4FF0926D9CE15007D0BBF;
			productRefGroup = 2CE4FF1326D9CE15007D0BBF /* Products */;
			projectDirPath = "";
			projectRoot = "";
			targets = (
				2CE4FF1126D9CE15007D0BBF /* iOs Calculadora 2 */,
				2CE4FF2726D9CE16007D0BBF /* iOs Calculadora 2Tests */,
				2CE4FF3226D9CE16007D0BBF /* iOs Calculadora 2UITests */,
			);
		};
/* End PBXProject section */

/* Begin PBXResourcesBuildPhase section */
		2CE4FF1026D9CE15007D0BBF /* Resources */ = {
			isa = PBXResourcesBuildPhase;
			buildActionMask = 2147483647;
			files = (
				2CE4FF2226D9CE16007D0BBF /* LaunchScreen.storyboard in Resources */,
				2CE4FF1F26D9CE16007D0BBF /* Assets.xcassets in Resources */,
				2C7542D426D9DE74000D01F6 /* HomeViewController.xib in Resources */,
			);
			runOnlyForDeploymentPostprocessing = 0;
		};
		2CE4FF2626D9CE16007D0BBF /* Resources */ = {
			isa = PBXResourcesBuildPhase;
			buildActionMask = 2147483647;
			files = (
			);
			runOnlyForDeploymentPostprocessing = 0;
		};
		2CE4FF3126D9CE16007D0BBF /* Resources */ = {
			isa = PBXResourcesBuildPhase;
			buildActionMask = 2147483647;
			files = (
			);
			runOnlyForDeploymentPostprocessing = 0;
		};
/* End PBXResourcesBuildPhase section */

/* Begin PBXSourcesBuildPhase section */
		2CE4FF0E26D9CE15007D0BBF /* Sources */ = {
			isa = PBXSourcesBuildPhase;
			buildActionMask = 2147483647;
			files = (
				2CE4FF1626D9CE15007D0BBF /* AppDelegate.swift in Sources */,
				2C7542D326D9DE74000D01F6 /* HomeViewController.swift in Sources */,
				2C4D6DEE26DD2FCF00E02486 /* UIButtonExtension.swift in Sources */,
			);
			runOnlyForDeploymentPostprocessing = 0;
		};
		2CE4FF2426D9CE16007D0BBF /* Sources */ = {
			isa = PBXSourcesBuildPhase;
			buildActionMask = 2147483647;
			files = (
				2CE4FF2D26D9CE16007D0BBF /* iOs_Calculadora_2Tests.swift in Sources */,
			);
			runOnlyForDeploymentPostprocessing = 0;
		};
		2CE4FF2F26D9CE16007D0BBF /* Sources */ = {
			isa = PBXSourcesBuildPhase;
			buildActionMask = 2147483647;
			files = (
				2CE4FF3826D9CE16007D0BBF /* iOs_Calculadora_2UITests.swift in Sources */,
			);
			runOnlyForDeploymentPostprocessing = 0;
		};
/* End PBXSourcesBuildPhase section */

/* Begin PBXTargetDependency section */
		2CE4FF2A26D9CE16007D0BBF /* PBXTargetDependency */ = {
			isa = PBXTargetDependency;
			target = 2CE4FF1126D9CE15007D0BBF /* iOs Calculadora 2 */;
			targetProxy = 2CE4FF2926D9CE16007D0BBF /* PBXContainerItemProxy */;
		};
		2CE4FF3526D9CE16007D0BBF /* PBXTargetDependency */ = {
			isa = PBXTargetDependency;
			target = 2CE4FF1126D9CE15007D0BBF /* iOs Calculadora 2 */;
			targetProxy = 2CE4FF3426D9CE16007D0BBF /* PBXContainerItemProxy */;
		};
/* End PBXTargetDependency section */

/* Begin PBXVariantGroup section */
		2CE4FF2026D9CE16007D0BBF /* LaunchScreen.storyboard */ = {
			isa = PBXVariantGroup;
			children = (
				2CE4FF2126D9CE16007D0BBF /* Base */,
			);
			name = LaunchScreen.storyboard;
			sourceTree = "<group>";
		};
/* End PBXVariantGroup section */

/* Begin XCBuildConfiguration section */
		2CE4FF3A26D9CE16007D0BBF /* Debug */ = {
			isa = XCBuildConfiguration;
			buildSettings = {
				ALWAYS_SEARCH_USER_PATHS = NO;
				CLANG_ANALYZER_NONNULL = YES;
				CLANG_ANALYZER_NUMBER_OBJECT_CONVERSION = YES_AGGRESSIVE;
				CLANG_CXX_LANGUAGE_STANDARD = "gnu++14";
				CLANG_CXX_LIBRARY = "libc++";
				CLANG_ENABLE_MODULES = YES;
				CLANG_ENABLE_OBJC_ARC = YES;
				CLANG_ENABLE_OBJC_WEAK = YES;
				CLANG_WARN_BLOCK_CAPTURE_AUTORELEASING = YES;
				CLANG_WARN_BOOL_CONVERSION = YES;
				CLANG_WARN_COMMA = YES;
				CLANG_WARN_CONSTANT_CONVERSION = YES;
				CLANG_WARN_DEPRECATED_OBJC_IMPLEMENTATIONS = YES;
				CLANG_WARN_DIRECT_OBJC_ISA_USAGE = YES_ERROR;
				CLANG_WARN_DOCUMENTATION_COMMENTS = YES;
				CLANG_WARN_EMPTY_BODY = YES;
				CLANG_WARN_ENUM_CONVERSION = YES;
				CLANG_WARN_INFINITE_RECURSION = YES;
				CLANG_WARN_INT_CONVERSION = YES;
				CLANG_WARN_NON_LITERAL_NULL_CONVERSION = YES;
				CLANG_WARN_OBJC_IMPLICIT_RETAIN_SELF = YES;
				CLANG_WARN_OBJC_LITERAL_CONVERSION = YES;
				CLANG_WARN_OBJC_ROOT_CLASS = YES_ERROR;
				CLANG_WARN_QUOTED_INCLUDE_IN_FRAMEWORK_HEADER = YES;
				CLANG_WARN_RANGE_LOOP_ANALYSIS = YES;
				CLANG_WARN_STRICT_PROTOTYPES = YES;
				CLANG_WARN_SUSPICIOUS_MOVE = YES;
				CLANG_WARN_UNGUARDED_AVAILABILITY = YES_AGGRESSIVE;
				CLANG_WARN_UNREACHABLE_CODE = YES;
				CLANG_WARN__DUPLICATE_METHOD_MATCH = YES;
				COPY_PHASE_STRIP = NO;
				DEBUG_INFORMATION_FORMAT = dwarf;
				ENABLE_STRICT_OBJC_MSGSEND = YES;
				ENABLE_TESTABILITY = YES;
				GCC_C_LANGUAGE_STANDARD = gnu11;
				GCC_DYNAMIC_NO_PIC = NO;
				GCC_NO_COMMON_BLOCKS = YES;
				GCC_OPTIMIZATION_LEVEL = 0;
				GCC_PREPROCESSOR_DEFINITIONS = (
					"DEBUG=1",
					"$(inherited)",
				);
				GCC_WARN_64_TO_32_BIT_CONVERSION = YES;
				GCC_WARN_ABOUT_RETURN_TYPE = YES_ERROR;
				GCC_WARN_UNDECLARED_SELECTOR = YES;
				GCC_WARN_UNINITIALIZED_AUTOS = YES_AGGRESSIVE;
				GCC_WARN_UNUSED_FUNCTION = YES;
				GCC_WARN_UNUSED_VARIABLE = YES;
				IPHONEOS_DEPLOYMENT_TARGET = 10.0;
				MTL_ENABLE_DEBUG_INFO = INCLUDE_SOURCE;
				MTL_FAST_MATH = YES;
				ONLY_ACTIVE_ARCH = YES;
				SDKROOT = iphoneos;
				SWIFT_ACTIVE_COMPILATION_CONDITIONS = DEBUG;
				SWIFT_OPTIMIZATION_LEVEL = "-Onone";
			};
			name = Debug;
		};
		2CE4FF3B26D9CE16007D0BBF /* Release */ = {
			isa = XCBuildConfiguration;
			buildSettings = {
				ALWAYS_SEARCH_USER_PATHS = NO;
				CLANG_ANALYZER_NONNULL = YES;
				CLANG_ANALYZER_NUMBER_OBJECT_CONVERSION = YES_AGGRESSIVE;
				CLANG_CXX_LANGUAGE_STANDARD = "gnu++14";
				CLANG_CXX_LIBRARY = "libc++";
				CLANG_ENABLE_MODULES = YES;
				CLANG_ENABLE_OBJC_ARC = YES;
				CLANG_ENABLE_OBJC_WEAK = YES;
				CLANG_WARN_BLOCK_CAPTURE_AUTORELEASING = YES;
				CLANG_WARN_BOOL_CONVERSION = YES;
				CLANG_WARN_COMMA = YES;
				CLANG_WARN_CONSTANT_CONVERSION = YES;
				CLANG_WARN_DEPRECATED_OBJC_IMPLEMENTATIONS = YES;
				CLANG_WARN_DIRECT_OBJC_ISA_USAGE = YES_ERROR;
				CLANG_WARN_DOCUMENTATION_COMMENTS = YES;
				CLANG_WARN_EMPTY_BODY = YES;
				CLANG_WARN_ENUM_CONVERSION = YES;
				CLANG_WARN_INFINITE_RECURSION = YES;
				CLANG_WARN_INT_CONVERSION = YES;
				CLANG_WARN_NON_LITERAL_NULL_CONVERSION = YES;
				CLANG_WARN_OBJC_IMPLICIT_RETAIN_SELF = YES;
				CLANG_WARN_OBJC_LITERAL_CONVERSION = YES;
				CLANG_WARN_OBJC_ROOT_CLASS = YES_ERROR;
				CLANG_WARN_QUOTED_INCLUDE_IN_FRAMEWORK_HEADER = YES;
				CLANG_WARN_RANGE_LOOP_ANALYSIS = YES;
				CLANG_WARN_STRICT_PROTOTYPES = YES;
				CLANG_WARN_SUSPICIOUS_MOVE = YES;
				CLANG_WARN_UNGUARDED_AVAILABILITY = YES_AGGRESSIVE;
				CLANG_WARN_UNREACHABLE_CODE = YES;
				CLANG_WARN__DUPLICATE_METHOD_MATCH = YES;
				COPY_PHASE_STRIP = NO;
				DEBUG_INFORMATION_FORMAT = "dwarf-with-dsym";
				ENABLE_NS_ASSERTIONS = NO;
				ENABLE_STRICT_OBJC_MSGSEND = YES;
				GCC_C_LANGUAGE_STANDARD = gnu11;
				GCC_NO_COMMON_BLOCKS = YES;
				GCC_WARN_64_TO_32_BIT_CONVERSION = YES;
				GCC_WARN_ABOUT_RETURN_TYPE = YES_ERROR;
				GCC_WARN_UNDECLARED_SELECTOR = YES;
				GCC_WARN_UNINITIALIZED_AUTOS = YES_AGGRESSIVE;
				GCC_WARN_UNUSED_FUNCTION = YES;
				GCC_WARN_UNUSED_VARIABLE = YES;
				IPHONEOS_DEPLOYMENT_TARGET = 10.0;
				MTL_ENABLE_DEBUG_INFO = NO;
				MTL_FAST_MATH = YES;
				SDKROOT = iphoneos;
				SWIFT_COMPILATION_MODE = wholemodule;
				SWIFT_OPTIMIZATION_LEVEL = "-O";
				VALIDATE_PRODUCT = YES;
			};
			name = Release;
		};
		2CE4FF3D26D9CE16007D0BBF /* Debug */ = {
			isa = XCBuildConfiguration;
			buildSettings = {
				ASSETCATALOG_COMPILER_APPICON_NAME = AppIcon;
				ASSETCATALOG_COMPILER_GLOBAL_ACCENT_COLOR_NAME = AccentColor;
				CODE_SIGN_STYLE = Automatic;
				DEVELOPMENT_TEAM = Q3WXHKXQK7;
				INFOPLIST_FILE = "$(SRCROOT)/iOs Calculadora 2Tests/Info.plist";
				LD_RUNPATH_SEARCH_PATHS = (
					"$(inherited)",
					"@executable_path/Frameworks",
				);
				PRODUCT_BUNDLE_IDENTIFIER = "MonsterDev.iOs-Calculadora-2";
				PRODUCT_NAME = "$(TARGET_NAME)";
				SWIFT_VERSION = 5.0;
				TARGETED_DEVICE_FAMILY = "1,2";
			};
			name = Debug;
		};
		2CE4FF3E26D9CE16007D0BBF /* Release */ = {
			isa = XCBuildConfiguration;
			buildSettings = {
				ASSETCATALOG_COMPILER_APPICON_NAME = AppIcon;
				ASSETCATALOG_COMPILER_GLOBAL_ACCENT_COLOR_NAME = AccentColor;
				CODE_SIGN_STYLE = Automatic;
				DEVELOPMENT_TEAM = Q3WXHKXQK7;
				INFOPLIST_FILE = "$(SRCROOT)/iOs Calculadora 2Tests/Info.plist";
				LD_RUNPATH_SEARCH_PATHS = (
					"$(inherited)",
					"@executable_path/Frameworks",
				);
				PRODUCT_BUNDLE_IDENTIFIER = "MonsterDev.iOs-Calculadora-2";
				PRODUCT_NAME = "$(TARGET_NAME)";
				SWIFT_VERSION = 5.0;
				TARGETED_DEVICE_FAMILY = "1,2";
			};
			name = Release;
		};
		2CE4FF4026D9CE16007D0BBF /* Debug */ = {
			isa = XCBuildConfiguration;
			buildSettings = {
				ALWAYS_EMBED_SWIFT_STANDARD_LIBRARIES = YES;
				BUNDLE_LOADER = "$(TEST_HOST)";
				CODE_SIGN_STYLE = Automatic;
				INFOPLIST_FILE = "iOs Calculadora 2Tests/Info.plist";
				IPHONEOS_DEPLOYMENT_TARGET = 14.5;
				LD_RUNPATH_SEARCH_PATHS = (
					"$(inherited)",
					"@executable_path/Frameworks",
					"@loader_path/Frameworks",
				);
				PRODUCT_BUNDLE_IDENTIFIER = "MonsterDev.iOs-Calculadora-2Tests";
				PRODUCT_NAME = "$(TARGET_NAME)";
				SWIFT_VERSION = 5.0;
				TARGETED_DEVICE_FAMILY = "1,2";
				TEST_HOST = "$(BUILT_PRODUCTS_DIR)/iOs Calculadora 2.app/iOs Calculadora 2";
			};
			name = Debug;
		};
		2CE4FF4126D9CE16007D0BBF /* Release */ = {
			isa = XCBuildConfiguration;
			buildSettings = {
				ALWAYS_EMBED_SWIFT_STANDARD_LIBRARIES = YES;
				BUNDLE_LOADER = "$(TEST_HOST)";
				CODE_SIGN_STYLE = Automatic;
				INFOPLIST_FILE = "iOs Calculadora 2Tests/Info.plist";
				IPHONEOS_DEPLOYMENT_TARGET = 14.5;
				LD_RUNPATH_SEARCH_PATHS = (
					"$(inherited)",
					"@executable_path/Frameworks",
					"@loader_path/Frameworks",
				);
				PRODUCT_BUNDLE_IDENTIFIER = "MonsterDev.iOs-Calculadora-2Tests";
				PRODUCT_NAME = "$(TARGET_NAME)";
				SWIFT_VERSION = 5.0;
				TARGETED_DEVICE_FAMILY = "1,2";
				TEST_HOST = "$(BUILT_PRODUCTS_DIR)/iOs Calculadora 2.app/iOs Calculadora 2";
			};
			name = Release;
		};
		2CE4FF4326D9CE16007D0BBF /* Debug */ = {
			isa = XCBuildConfiguration;
			buildSettings = {
				ALWAYS_EMBED_SWIFT_STANDARD_LIBRARIES = YES;
				CODE_SIGN_STYLE = Automatic;
				INFOPLIST_FILE = "iOs Calculadora 2UITests/Info.plist";
				LD_RUNPATH_SEARCH_PATHS = (
					"$(inherited)",
					"@executable_path/Frameworks",
					"@loader_path/Frameworks",
				);
				PRODUCT_BUNDLE_IDENTIFIER = "MonsterDev.iOs-Calculadora-2UITests";
				PRODUCT_NAME = "$(TARGET_NAME)";
				SWIFT_VERSION = 5.0;
				TARGETED_DEVICE_FAMILY = "1,2";
				TEST_TARGET_NAME = "iOs Calculadora 2";
			};
			name = Debug;
		};
		2CE4FF4426D9CE16007D0BBF /* Release */ = {
			isa = XCBuildConfiguration;
			buildSettings = {
				ALWAYS_EMBED_SWIFT_STANDARD_LIBRARIES = YES;
				CODE_SIGN_STYLE = Automatic;
				INFOPLIST_FILE = "iOs Calculadora 2UITests/Info.plist";
				LD_RUNPATH_SEARCH_PATHS = (
					"$(inherited)",
					"@executable_path/Frameworks",
					"@loader_path/Frameworks",
				);
				PRODUCT_BUNDLE_IDENTIFIER = "MonsterDev.iOs-Calculadora-2UITests";
				PRODUCT_NAME = "$(TARGET_NAME)";
				SWIFT_VERSION = 5.0;
				TARGETED_DEVICE_FAMILY = "1,2";
				TEST_TARGET_NAME = "iOs Calculadora 2";
			};
			name = Release;
		};
/* End XCBuildConfiguration section */

/* Begin XCConfigurationList section */
		2CE4FF0D26D9CE15007D0BBF /* Build configuration list for PBXProject "iOS Calculadora" */ = {
			isa = XCConfigurationList;
			buildConfigurations = (
				2CE4FF3A26D9CE16007D0BBF /* Debug */,
				2CE4FF3B26D9CE16007D0BBF /* Release */,
			);
			defaultConfigurationIsVisible = 0;
			defaultConfigurationName = Release;
		};
		2CE4FF3C26D9CE16007D0BBF /* Build configuration list for PBXNativeTarget "iOs Calculadora 2" */ = {
			isa = XCConfigurationList;
			buildConfigurations = (
				2CE4FF3D26D9CE16007D0BBF /* Debug */,
				2CE4FF3E26D9CE16007D0BBF /* Release */,
			);
			defaultConfigurationIsVisible = 0;
			defaultConfigurationName = Release;
		};
		2CE4FF3F26D9CE16007D0BBF /* Build configuration list for PBXNativeTarget "iOs Calculadora 2Tests" */ = {
			isa = XCConfigurationList;
			buildConfigurations = (
				2CE4FF4026D9CE16007D0BBF /* Debug */,
				2CE4FF4126D9CE16007D0BBF /* Release */,
			);
			defaultConfigurationIsVisible = 0;
			defaultConfigurationName = Release;
		};
		2CE4FF4226D9CE16007D0BBF /* Build configuration list for PBXNativeTarget "iOs Calculadora 2UITests" */ = {
			isa = XCConfigurationList;
			buildConfigurations = (
				2CE4FF4326D9CE16007D0BBF /* Debug */,
				2CE4FF4426D9CE16007D0BBF /* Release */,
			);
			defaultConfigurationIsVisible = 0;
			defaultConfigurationName = Release;
		};
/* End XCConfigurationList section */
	};
	rootObject = 2CE4FF0A26D9CE15007D0BBF /* Project object */;
}
